// !$*UTF8*$!
{
	archiveVersion = 1;
	classes = {
	};
	objectVersion = 56;
	objects = {

/* Begin PBXBuildFile section */
		D01692752A331CC100FCA13C /* User.swift in Sources */ = {isa = PBXBuildFile; fileRef = D01692742A331CC100FCA13C /* User.swift */; };
		D01692772A33312600FCA13C /* UserBioViewController.swift in Sources */ = {isa = PBXBuildFile; fileRef = D01692762A33312600FCA13C /* UserBioViewController.swift */; };
		D01692792A333AAD00FCA13C /* TabBarViewController.swift in Sources */ = {isa = PBXBuildFile; fileRef = D01692782A333AAD00FCA13C /* TabBarViewController.swift */; };
		D04EC5642A2F8E5C0028AEE0 /* WelcomeViewController.swift in Sources */ = {isa = PBXBuildFile; fileRef = D04EC5632A2F8E5C0028AEE0 /* WelcomeViewController.swift */; };
		D054F7672A2F4FBC00E6B511 /* AppDelegate.swift in Sources */ = {isa = PBXBuildFile; fileRef = D054F7662A2F4FBC00E6B511 /* AppDelegate.swift */; };
		D054F7692A2F4FBC00E6B511 /* SceneDelegate.swift in Sources */ = {isa = PBXBuildFile; fileRef = D054F7682A2F4FBC00E6B511 /* SceneDelegate.swift */; };
		D054F76B2A2F4FBC00E6B511 /* LoginViewController.swift in Sources */ = {isa = PBXBuildFile; fileRef = D054F76A2A2F4FBC00E6B511 /* LoginViewController.swift */; };
		D054F76E2A2F4FBC00E6B511 /* Main.storyboard in Resources */ = {isa = PBXBuildFile; fileRef = D054F76C2A2F4FBC00E6B511 /* Main.storyboard */; };
		D054F7702A2F4FBC00E6B511 /* Assets.xcassets in Resources */ = {isa = PBXBuildFile; fileRef = D054F76F2A2F4FBC00E6B511 /* Assets.xcassets */; };
		D054F7732A2F4FBC00E6B511 /* LaunchScreen.storyboard in Resources */ = {isa = PBXBuildFile; fileRef = D054F7712A2F4FBC00E6B511 /* LaunchScreen.storyboard */; };
/* End PBXBuildFile section */

/* Begin PBXFileReference section */
		D01692742A331CC100FCA13C /* User.swift */ = {isa = PBXFileReference; lastKnownFileType = sourcecode.swift; path = User.swift; sourceTree = "<group>"; };
		D01692762A33312600FCA13C /* UserBioViewController.swift */ = {isa = PBXFileReference; lastKnownFileType = sourcecode.swift; path = UserBioViewController.swift; sourceTree = "<group>"; };
		D01692782A333AAD00FCA13C /* TabBarViewController.swift */ = {isa = PBXFileReference; lastKnownFileType = sourcecode.swift; path = TabBarViewController.swift; sourceTree = "<group>"; };
		D04EC5632A2F8E5C0028AEE0 /* WelcomeViewController.swift */ = {isa = PBXFileReference; lastKnownFileType = sourcecode.swift; path = WelcomeViewController.swift; sourceTree = "<group>"; };
		D054F7632A2F4FBC00E6B511 /* LoginApp.app */ = {isa = PBXFileReference; explicitFileType = wrapper.application; includeInIndex = 0; path = LoginApp.app; sourceTree = BUILT_PRODUCTS_DIR; };
		D054F7662A2F4FBC00E6B511 /* AppDelegate.swift */ = {isa = PBXFileReference; lastKnownFileType = sourcecode.swift; path = AppDelegate.swift; sourceTree = "<group>"; };
		D054F7682A2F4FBC00E6B511 /* SceneDelegate.swift */ = {isa = PBXFileReference; lastKnownFileType = sourcecode.swift; path = SceneDelegate.swift; sourceTree = "<group>"; };
		D054F76A2A2F4FBC00E6B511 /* LoginViewController.swift */ = {isa = PBXFileReference; lastKnownFileType = sourcecode.swift; path = LoginViewController.swift; sourceTree = "<group>"; };
		D054F76D2A2F4FBC00E6B511 /* Base */ = {isa = PBXFileReference; lastKnownFileType = file.storyboard; name = Base; path = Base.lproj/Main.storyboard; sourceTree = "<group>"; };
		D054F76F2A2F4FBC00E6B511 /* Assets.xcassets */ = {isa = PBXFileReference; lastKnownFileType = folder.assetcatalog; path = Assets.xcassets; sourceTree = "<group>"; };
		D054F7722A2F4FBC00E6B511 /* Base */ = {isa = PBXFileReference; lastKnownFileType = file.storyboard; name = Base; path = Base.lproj/LaunchScreen.storyboard; sourceTree = "<group>"; };
		D054F7742A2F4FBC00E6B511 /* Info.plist */ = {isa = PBXFileReference; lastKnownFileType = text.plist.xml; path = Info.plist; sourceTree = "<group>"; };
/* End PBXFileReference section */

/* Begin PBXFrameworksBuildPhase section */
		D054F7602A2F4FBB00E6B511 /* Frameworks */ = {
			isa = PBXFrameworksBuildPhase;
			buildActionMask = 2147483647;
			files = (
			);
			runOnlyForDeploymentPostprocessing = 0;
		};
/* End PBXFrameworksBuildPhase section */

/* Begin PBXGroup section */
		D01692702A331C2E00FCA13C /* App */ = {
			isa = PBXGroup;
			children = (
				D054F7662A2F4FBC00E6B511 /* AppDelegate.swift */,
				D054F7682A2F4FBC00E6B511 /* SceneDelegate.swift */,
				D054F7742A2F4FBC00E6B511 /* Info.plist */,
			);
			path = App;
			sourceTree = "<group>";
		};
		D01692712A331C6D00FCA13C /* Storyboards */ = {
			isa = PBXGroup;
			children = (
				D054F76C2A2F4FBC00E6B511 /* Main.storyboard */,
				D054F7712A2F4FBC00E6B511 /* LaunchScreen.storyboard */,
			);
			path = Storyboards;
			sourceTree = "<group>";
		};
		D01692722A331C7C00FCA13C /* ViewControllers */ = {
			isa = PBXGroup;
			children = (
				D054F76A2A2F4FBC00E6B511 /* LoginViewController.swift */,
				D04EC5632A2F8E5C0028AEE0 /* WelcomeViewController.swift */,
				D01692762A33312600FCA13C /* UserBioViewController.swift */,
				D01692782A333AAD00FCA13C /* TabBarViewController.swift */,
			);
			path = ViewControllers;
			sourceTree = "<group>";
		};
		D01692732A331CA300FCA13C /* Models */ = {
			isa = PBXGroup;
			children = (
				D01692742A331CC100FCA13C /* User.swift */,
			);
			path = Models;
			sourceTree = "<group>";
		};
		D054F75A2A2F4FBB00E6B511 = {
			isa = PBXGroup;
			children = (
				D054F7652A2F4FBC00E6B511 /* LoginApp */,
				D054F7642A2F4FBC00E6B511 /* Products */,
			);
			sourceTree = "<group>";
		};
		D054F7642A2F4FBC00E6B511 /* Products */ = {
			isa = PBXGroup;
			children = (
				D054F7632A2F4FBC00E6B511 /* LoginApp.app */,
			);
			name = Products;
			sourceTree = "<group>";
		};
		D054F7652A2F4FBC00E6B511 /* LoginApp */ = {
			isa = PBXGroup;
			children = (
				D01692722A331C7C00FCA13C /* ViewControllers */,
				D01692732A331CA300FCA13C /* Models */,
				D01692702A331C2E00FCA13C /* App */,
				D01692712A331C6D00FCA13C /* Storyboards */,
				D054F76F2A2F4FBC00E6B511 /* Assets.xcassets */,
			);
			path = LoginApp;
			sourceTree = "<group>";
		};
/* End PBXGroup section */

/* Begin PBXNativeTarget section */
		D054F7622A2F4FBB00E6B511 /* LoginApp */ = {
			isa = PBXNativeTarget;
			buildConfigurationList = D054F7772A2F4FBC00E6B511 /* Build configuration list for PBXNativeTarget "LoginApp" */;
			buildPhases = (
				D054F75F2A2F4FBB00E6B511 /* Sources */,
				D054F7602A2F4FBB00E6B511 /* Frameworks */,
				D054F7612A2F4FBB00E6B511 /* Resources */,
			);
			buildRules = (
			);
			dependencies = (
			);
			name = LoginApp;
			productName = LoginApp;
			productReference = D054F7632A2F4FBC00E6B511 /* LoginApp.app */;
			productType = "com.apple.product-type.application";
		};
/* End PBXNativeTarget section */

/* Begin PBXProject section */
		D054F75B2A2F4FBB00E6B511 /* Project object */ = {
			isa = PBXProject;
			attributes = {
				BuildIndependentTargetsInParallel = 1;
				LastSwiftUpdateCheck = 1420;
				LastUpgradeCheck = 1420;
				TargetAttributes = {
					D054F7622A2F4FBB00E6B511 = {
						CreatedOnToolsVersion = 14.2;
					};
				};
			};
			buildConfigurationList = D054F75E2A2F4FBB00E6B511 /* Build configuration list for PBXProject "LoginApp" */;
			compatibilityVersion = "Xcode 14.0";
			developmentRegion = en;
			hasScannedForEncodings = 0;
			knownRegions = (
				en,
				Base,
			);
			mainGroup = D054F75A2A2F4FBB00E6B511;
			productRefGroup = D054F7642A2F4FBC00E6B511 /* Products */;
			projectDirPath = "";
			projectRoot = "";
			targets = (
				D054F7622A2F4FBB00E6B511 /* LoginApp */,
			);
		};
/* End PBXProject section */

/* Begin PBXResourcesBuildPhase section */
		D054F7612A2F4FBB00E6B511 /* Resources */ = {
			isa = PBXResourcesBuildPhase;
			buildActionMask = 2147483647;
			files = (
				D054F7732A2F4FBC00E6B511 /* LaunchScreen.storyboard in Resources */,
				D054F7702A2F4FBC00E6B511 /* Assets.xcassets in Resources */,
				D054F76E2A2F4FBC00E6B511 /* Main.storyboard in Resources */,
			);
			runOnlyForDeploymentPostprocessing = 0;
		};
/* End PBXResourcesBuildPhase section */

/* Begin PBXSourcesBuildPhase section */
		D054F75F2A2F4FBB00E6B511 /* Sources */ = {
			isa = PBXSourcesBuildPhase;
			buildActionMask = 2147483647;
			files = (
				D01692772A33312600FCA13C /* UserBioViewController.swift in Sources */,
				D054F76B2A2F4FBC00E6B511 /* LoginViewController.swift in Sources */,
				D04EC5642A2F8E5C0028AEE0 /* WelcomeViewController.swift in Sources */,
				D054F7672A2F4FBC00E6B511 /* AppDelegate.swift in Sources */,
				D01692792A333AAD00FCA13C /* TabBarViewController.swift in Sources */,
				D01692752A331CC100FCA13C /* User.swift in Sources */,
				D054F7692A2F4FBC00E6B511 /* SceneDelegate.swift in Sources */,
			);
			runOnlyForDeploymentPostprocessing = 0;
		};
/* End PBXSourcesBuildPhase section */

/* Begin PBXVariantGroup section */
		D054F76C2A2F4FBC00E6B511 /* Main.storyboard */ = {
			isa = PBXVariantGroup;
			children = (
				D054F76D2A2F4FBC00E6B511 /* Base */,
			);
			name = Main.storyboard;
			sourceTree = "<group>";
		};
		D054F7712A2F4FBC00E6B511 /* LaunchScreen.storyboard */ = {
			isa = PBXVariantGroup;
			children = (
				D054F7722A2F4FBC00E6B511 /* Base */,
			);
			name = LaunchScreen.storyboard;
			sourceTree = "<group>";
		};
/* End PBXVariantGroup section */

/* Begin XCBuildConfiguration section */
		D054F7752A2F4FBC00E6B511 /* Debug */ = {
			isa = XCBuildConfiguration;
			buildSettings = {
				ALWAYS_SEARCH_USER_PATHS = NO;
				CLANG_ANALYZER_NONNULL = YES;
				CLANG_ANALYZER_NUMBER_OBJECT_CONVERSION = YES_AGGRESSIVE;
				CLANG_CXX_LANGUAGE_STANDARD = "gnu++20";
				CLANG_ENABLE_MODULES = YES;
				CLANG_ENABLE_OBJC_ARC = YES;
				CLANG_ENABLE_OBJC_WEAK = YES;
				CLANG_WARN_BLOCK_CAPTURE_AUTORELEASING = YES;
				CLANG_WARN_BOOL_CONVERSION = YES;
				CLANG_WARN_COMMA = YES;
				CLANG_WARN_CONSTANT_CONVERSION = YES;
				CLANG_WARN_DEPRECATED_OBJC_IMPLEMENTATIONS = YES;
				CLANG_WARN_DIRECT_OBJC_ISA_USAGE = YES_ERROR;
				CLANG_WARN_DOCUMENTATION_COMMENTS = YES;
				CLANG_WARN_EMPTY_BODY = YES;
				CLANG_WARN_ENUM_CONVERSION = YES;
				CLANG_WARN_INFINITE_RECURSION = YES;
				CLANG_WARN_INT_CONVERSION = YES;
				CLANG_WARN_NON_LITERAL_NULL_CONVERSION = YES;
				CLANG_WARN_OBJC_IMPLICIT_RETAIN_SELF = YES;
				CLANG_WARN_OBJC_LITERAL_CONVERSION = YES;
				CLANG_WARN_OBJC_ROOT_CLASS = YES_ERROR;
				CLANG_WARN_QUOTED_INCLUDE_IN_FRAMEWORK_HEADER = YES;
				CLANG_WARN_RANGE_LOOP_ANALYSIS = YES;
				CLANG_WARN_STRICT_PROTOTYPES = YES;
				CLANG_WARN_SUSPICIOUS_MOVE = YES;
				CLANG_WARN_UNGUARDED_AVAILABILITY = YES_AGGRESSIVE;
				CLANG_WARN_UNREACHABLE_CODE = YES;
				CLANG_WARN__DUPLICATE_METHOD_MATCH = YES;
				COPY_PHASE_STRIP = NO;
				DEBUG_INFORMATION_FORMAT = dwarf;
				ENABLE_STRICT_OBJC_MSGSEND = YES;
				ENABLE_TESTABILITY = YES;
				GCC_C_LANGUAGE_STANDARD = gnu11;
				GCC_DYNAMIC_NO_PIC = NO;
				GCC_NO_COMMON_BLOCKS = YES;
				GCC_OPTIMIZATION_LEVEL = 0;
				GCC_PREPROCESSOR_DEFINITIONS = (
					"DEBUG=1",
					"$(inherited)",
				);
				GCC_WARN_64_TO_32_BIT_CONVERSION = YES;
				GCC_WARN_ABOUT_RETURN_TYPE = YES_ERROR;
				GCC_WARN_UNDECLARED_SELECTOR = YES;
				GCC_WARN_UNINITIALIZED_AUTOS = YES_AGGRESSIVE;
				GCC_WARN_UNUSED_FUNCTION = YES;
				GCC_WARN_UNUSED_VARIABLE = YES;
				IPHONEOS_DEPLOYMENT_TARGET = 16.2;
				MTL_ENABLE_DEBUG_INFO = INCLUDE_SOURCE;
				MTL_FAST_MATH = YES;
				ONLY_ACTIVE_ARCH = YES;
				SDKROOT = iphoneos;
				SWIFT_ACTIVE_COMPILATION_CONDITIONS = DEBUG;
				SWIFT_OPTIMIZATION_LEVEL = "-Onone";
			};
			name = Debug;
		};
		D054F7762A2F4FBC00E6B511 /* Release */ = {
			isa = XCBuildConfiguration;
			buildSettings = {
				ALWAYS_SEARCH_USER_PATHS = NO;
				CLANG_ANALYZER_NONNULL = YES;
				CLANG_ANALYZER_NUMBER_OBJECT_CONVERSION = YES_AGGRESSIVE;
				CLANG_CXX_LANGUAGE_STANDARD = "gnu++20";
				CLANG_ENABLE_MODULES = YES;
				CLANG_ENABLE_OBJC_ARC = YES;
				CLANG_ENABLE_OBJC_WEAK = YES;
				CLANG_WARN_BLOCK_CAPTURE_AUTORELEASING = YES;
				CLANG_WARN_BOOL_CONVERSION = YES;
				CLANG_WARN_COMMA = YES;
				CLANG_WARN_CONSTANT_CONVERSION = YES;
				CLANG_WARN_DEPRECATED_OBJC_IMPLEMENTATIONS = YES;
				CLANG_WARN_DIRECT_OBJC_ISA_USAGE = YES_ERROR;
				CLANG_WARN_DOCUMENTATION_COMMENTS = YES;
				CLANG_WARN_EMPTY_BODY = YES;
				CLANG_WARN_ENUM_CONVERSION = YES;
				CLANG_WARN_INFINITE_RECURSION = YES;
				CLANG_WARN_INT_CONVERSION = YES;
				CLANG_WARN_NON_LITERAL_NULL_CONVERSION = YES;
				CLANG_WARN_OBJC_IMPLICIT_RETAIN_SELF = YES;
				CLANG_WARN_OBJC_LITERAL_CONVERSION = YES;
				CLANG_WARN_OBJC_ROOT_CLASS = YES_ERROR;
				CLANG_WARN_QUOTED_INCLUDE_IN_FRAMEWORK_HEADER = YES;
				CLANG_WARN_RANGE_LOOP_ANALYSIS = YES;
				CLANG_WARN_STRICT_PROTOTYPES = YES;
				CLANG_WARN_SUSPICIOUS_MOVE = YES;
				CLANG_WARN_UNGUARDED_AVAILABILITY = YES_AGGRESSIVE;
				CLANG_WARN_UNREACHABLE_CODE = YES;
				CLANG_WARN__DUPLICATE_METHOD_MATCH = YES;
				COPY_PHASE_STRIP = NO;
				DEBUG_INFORMATION_FORMAT = "dwarf-with-dsym";
				ENABLE_NS_ASSERTIONS = NO;
				ENABLE_STRICT_OBJC_MSGSEND = YES;
				GCC_C_LANGUAGE_STANDARD = gnu11;
				GCC_NO_COMMON_BLOCKS = YES;
				GCC_WARN_64_TO_32_BIT_CONVERSION = YES;
				GCC_WARN_ABOUT_RETURN_TYPE = YES_ERROR;
				GCC_WARN_UNDECLARED_SELECTOR = YES;
				GCC_WARN_UNINITIALIZED_AUTOS = YES_AGGRESSIVE;
				GCC_WARN_UNUSED_FUNCTION = YES;
				GCC_WARN_UNUSED_VARIABLE = YES;
				IPHONEOS_DEPLOYMENT_TARGET = 16.2;
				MTL_ENABLE_DEBUG_INFO = NO;
				MTL_FAST_MATH = YES;
				SDKROOT = iphoneos;
				SWIFT_COMPILATION_MODE = wholemodule;
				SWIFT_OPTIMIZATION_LEVEL = "-O";
				VALIDATE_PRODUCT = YES;
			};
			name = Release;
		};
		D054F7782A2F4FBC00E6B511 /* Debug */ = {
			isa = XCBuildConfiguration;
			buildSettings = {
				ASSETCATALOG_COMPILER_APPICON_NAME = AppIcon;
				ASSETCATALOG_COMPILER_GLOBAL_ACCENT_COLOR_NAME = AccentColor;
				CODE_SIGN_STYLE = Automatic;
				CURRENT_PROJECT_VERSION = 1;
				DEVELOPMENT_TEAM = 59RY2LTB65;
				GENERATE_INFOPLIST_FILE = YES;
				INFOPLIST_FILE = LoginApp/App/Info.plist;
				INFOPLIST_KEY_UIApplicationSupportsIndirectInputEvents = YES;
				INFOPLIST_KEY_UILaunchStoryboardName = LaunchScreen;
				INFOPLIST_KEY_UIMainStoryboardFile = Main;
				INFOPLIST_KEY_UISupportedInterfaceOrientations_iPad = "UIInterfaceOrientationPortrait UIInterfaceOrientationPortraitUpsideDown UIInterfaceOrientationLandscapeLeft UIInterfaceOrientationLandscapeRight";
				INFOPLIST_KEY_UISupportedInterfaceOrientations_iPhone = "UIInterfaceOrientationPortrait UIInterfaceOrientationLandscapeLeft UIInterfaceOrientationLandscapeRight";
				LD_RUNPATH_SEARCH_PATHS = (
					"$(inherited)",
					"@executable_path/Frameworks",
				);
				MARKETING_VERSION = 1.0;
				PRODUCT_BUNDLE_IDENTIFIER = swiftBook.LoginApp;
				PRODUCT_NAME = "$(TARGET_NAME)";
				SUPPORTED_PLATFORMS = "iphoneos iphonesimulator";
				SUPPORTS_MACCATALYST = NO;
				SUPPORTS_MAC_DESIGNED_FOR_IPHONE_IPAD = NO;
				SWIFT_EMIT_LOC_STRINGS = YES;
				SWIFT_VERSION = 5.0;
				TARGETED_DEVICE_FAMILY = 1;
			};
			name = Debug;
		};
		D054F7792A2F4FBC00E6B511 /* Release */ = {
			isa = XCBuildConfiguration;
			buildSettings = {
				ASSETCATALOG_COMPILER_APPICON_NAME = AppIcon;
				ASSETCATALOG_COMPILER_GLOBAL_ACCENT_COLOR_NAME = AccentColor;
				CODE_SIGN_STYLE = Automatic;
				CURRENT_PROJECT_VERSION = 1;
				DEVELOPMENT_TEAM = 59RY2LTB65;
				GENERATE_INFOPLIST_FILE = YES;
				INFOPLIST_FILE = LoginApp/App/Info.plist;
				INFOPLIST_KEY_UIApplicationSupportsIndirectInputEvents = YES;
				INFOPLIST_KEY_UILaunchStoryboardName = LaunchScreen;
				INFOPLIST_KEY_UIMainStoryboardFile = Main;
				INFOPLIST_KEY_UISupportedInterfaceOrientations_iPad = "UIInterfaceOrientationPortrait UIInterfaceOrientationPortraitUpsideDown UIInterfaceOrientationLandscapeLeft UIInterfaceOrientationLandscapeRight";
				INFOPLIST_KEY_UISupportedInterfaceOrientations_iPhone = "UIInterfaceOrientationPortrait UIInterfaceOrientationLandscapeLeft UIInterfaceOrientationLandscapeRight";
				LD_RUNPATH_SEARCH_PATHS = (
					"$(inherited)",
					"@executable_path/Frameworks",
				);
				MARKETING_VERSION = 1.0;
				PRODUCT_BUNDLE_IDENTIFIER = swiftBook.LoginApp;
				PRODUCT_NAME = "$(TARGET_NAME)";
				SUPPORTED_PLATFORMS = "iphoneos iphonesimulator";
				SUPPORTS_MACCATALYST = NO;
				SUPPORTS_MAC_DESIGNED_FOR_IPHONE_IPAD = NO;
				SWIFT_EMIT_LOC_STRINGS = YES;
				SWIFT_VERSION = 5.0;
				TARGETED_DEVICE_FAMILY = 1;
			};
			name = Release;
		};
/* End XCBuildConfiguration section */

/* Begin XCConfigurationList section */
		D054F75E2A2F4FBB00E6B511 /* Build configuration list for PBXProject "LoginApp" */ = {
			isa = XCConfigurationList;
			buildConfigurations = (
				D054F7752A2F4FBC00E6B511 /* Debug */,
				D054F7762A2F4FBC00E6B511 /* Release */,
			);
			defaultConfigurationIsVisible = 0;
			defaultConfigurationName = Release;
		};
		D054F7772A2F4FBC00E6B511 /* Build configuration list for PBXNativeTarget "LoginApp" */ = {
			isa = XCConfigurationList;
			buildConfigurations = (
				D054F7782A2F4FBC00E6B511 /* Debug */,
				D054F7792A2F4FBC00E6B511 /* Release */,
			);
			defaultConfigurationIsVisible = 0;
			defaultConfigurationName = Release;
		};
/* End XCConfigurationList section */
	};
	rootObject = D054F75B2A2F4FBB00E6B511 /* Project object */;
}
